// !$*UTF8*$!
{
	archiveVersion = 1;
	classes = {
	};
	objectVersion = 51;
	objects = {

/* Begin PBXBuildFile section */
		0172F136C05BE03DFC5DAEE2 /* Pods_Converter.framework in Frameworks */ = {isa = PBXBuildFile; fileRef = 8DDB6A3C3F8DC6D5AA9752A8 /* Pods_Converter.framework */; };
		3614AC02206D5E96D7E71365 /* Pods_Converter_ConverterUITests.framework in Frameworks */ = {isa = PBXBuildFile; fileRef = 67573DD19D69BFC23A5675A0 /* Pods_Converter_ConverterUITests.framework */; };
		6151A25E2814177E0044E1C4 /* ConverterViewModel.swift in Sources */ = {isa = PBXBuildFile; fileRef = 6151A25D2814177E0044E1C4 /* ConverterViewModel.swift */; };
		6151A28E281446620044E1C4 /* APIService.swift in Sources */ = {isa = PBXBuildFile; fileRef = 6151A289281446620044E1C4 /* APIService.swift */; };
		6151A290281446620044E1C4 /* APIServiceProtocol.swift in Sources */ = {isa = PBXBuildFile; fileRef = 6151A28B281446620044E1C4 /* APIServiceProtocol.swift */; };
		6151A291281446620044E1C4 /* APIServiceManagerExtensionBasic.swift in Sources */ = {isa = PBXBuildFile; fileRef = 6151A28C281446620044E1C4 /* APIServiceManagerExtensionBasic.swift */; };
		6151A292281446620044E1C4 /* APIServiceManager.swift in Sources */ = {isa = PBXBuildFile; fileRef = 6151A28D281446620044E1C4 /* APIServiceManager.swift */; };
		6151A297281446AA0044E1C4 /* ErrorResponse.swift in Sources */ = {isa = PBXBuildFile; fileRef = 6151A296281446AA0044E1C4 /* ErrorResponse.swift */; };
		6151A29C281446D00044E1C4 /* Loader.swift in Sources */ = {isa = PBXBuildFile; fileRef = 6151A29B281446D00044E1C4 /* Loader.swift */; };
		6151A2AC28144BA70044E1C4 /* ConverterData.swift in Sources */ = {isa = PBXBuildFile; fileRef = 6151A2AB28144BA70044E1C4 /* ConverterData.swift */; };
		6151A2BA2814607D0044E1C4 /* AlertProtocol.swift in Sources */ = {isa = PBXBuildFile; fileRef = 6151A2B92814607D0044E1C4 /* AlertProtocol.swift */; };
		6184DE3A2815423F00838059 /* DropdownView.swift in Sources */ = {isa = PBXBuildFile; fileRef = 6184DE392815423F00838059 /* DropdownView.swift */; };
		619257E92816541D002B45A0 /* DetailsViewController.swift in Sources */ = {isa = PBXBuildFile; fileRef = 619257E82816541D002B45A0 /* DetailsViewController.swift */; };
		619257EE2816542F002B45A0 /* DetailsViewModel.swift in Sources */ = {isa = PBXBuildFile; fileRef = 619257ED2816542F002B45A0 /* DetailsViewModel.swift */; };
		619257F62816748B002B45A0 /* IdentifierProtocol.swift in Sources */ = {isa = PBXBuildFile; fileRef = 619257F52816748B002B45A0 /* IdentifierProtocol.swift */; };
		6192581A28169B57002B45A0 /* DateFormatterExtension.swift in Sources */ = {isa = PBXBuildFile; fileRef = 6192581928169B57002B45A0 /* DateFormatterExtension.swift */; };
		6192581F28169DE8002B45A0 /* DateExtension.swift in Sources */ = {isa = PBXBuildFile; fileRef = 6192581E28169DE8002B45A0 /* DateExtension.swift */; };
		619258252816AD46002B45A0 /* HistoricalViewCell.swift in Sources */ = {isa = PBXBuildFile; fileRef = 619258242816AD46002B45A0 /* HistoricalViewCell.swift */; };
		6192582A2816AD5B002B45A0 /* CurrenciesViewCell.swift in Sources */ = {isa = PBXBuildFile; fileRef = 619258292816AD5B002B45A0 /* CurrenciesViewCell.swift */; };
		6192582F2816C3AD002B45A0 /* HistoricalCellViewModel.swift in Sources */ = {isa = PBXBuildFile; fileRef = 6192582E2816C3AD002B45A0 /* HistoricalCellViewModel.swift */; };
		6192583A2816D219002B45A0 /* CurrenciesCellViewModel.swift in Sources */ = {isa = PBXBuildFile; fileRef = 619258392816D219002B45A0 /* CurrenciesCellViewModel.swift */; };
		61A2A0322815AE530056BDA1 /* DoubleExtension.swift in Sources */ = {isa = PBXBuildFile; fileRef = 61A2A0312815AE530056BDA1 /* DoubleExtension.swift */; };
		61E4B0B52817AB3C000A01DA /* ChartView.swift in Sources */ = {isa = PBXBuildFile; fileRef = 61E4B0B42817AB3C000A01DA /* ChartView.swift */; };
		61E4B0BA2817B828000A01DA /* ChartViewModel.swift in Sources */ = {isa = PBXBuildFile; fileRef = 61E4B0B92817B828000A01DA /* ChartViewModel.swift */; };
		61E4B0EC2817CDD3000A01DA /* Utilities.swift in Sources */ = {isa = PBXBuildFile; fileRef = 61E4B0EB2817CDD3000A01DA /* Utilities.swift */; };
		61E4B0F72817CE67000A01DA /* APIServiceProtocolMock.swift in Sources */ = {isa = PBXBuildFile; fileRef = 61E4B0F62817CE67000A01DA /* APIServiceProtocolMock.swift */; };
		61E4B1002817CF34000A01DA /* Latest.json in Resources */ = {isa = PBXBuildFile; fileRef = 61E4B0FE2817CF34000A01DA /* Latest.json */; };
		61E4B1012817CF34000A01DA /* Historical.json in Resources */ = {isa = PBXBuildFile; fileRef = 61E4B0FF2817CF34000A01DA /* Historical.json */; };
		61E4B10C2817CF56000A01DA /* Error.json in Resources */ = {isa = PBXBuildFile; fileRef = 61E4B10B2817CF56000A01DA /* Error.json */; };
		61E4B1172817D26C000A01DA /* ConverterViewModelTest.swift in Sources */ = {isa = PBXBuildFile; fileRef = 61E4B1162817D26C000A01DA /* ConverterViewModelTest.swift */; };
		61E4B11C2817D2D3000A01DA /* DetailsViewModelTest.swift in Sources */ = {isa = PBXBuildFile; fileRef = 61E4B11B2817D2D3000A01DA /* DetailsViewModelTest.swift */; };
		61E4B1212817E579000A01DA /* HistoricalCellViewModelTest.swift in Sources */ = {isa = PBXBuildFile; fileRef = 61E4B1202817E579000A01DA /* HistoricalCellViewModelTest.swift */; };
		61E4B1262817E589000A01DA /* CurrenciesCellViewModelTest.swift in Sources */ = {isa = PBXBuildFile; fileRef = 61E4B1252817E589000A01DA /* CurrenciesCellViewModelTest.swift */; };
		61E4B12B2817E59A000A01DA /* ChartViewModelTest.swift in Sources */ = {isa = PBXBuildFile; fileRef = 61E4B12A2817E59A000A01DA /* ChartViewModelTest.swift */; };
		61E78E4A2813CBED009112A1 /* AppDelegate.swift in Sources */ = {isa = PBXBuildFile; fileRef = 61E78E492813CBED009112A1 /* AppDelegate.swift */; };
		61E78E4C2813CBED009112A1 /* SceneDelegate.swift in Sources */ = {isa = PBXBuildFile; fileRef = 61E78E4B2813CBED009112A1 /* SceneDelegate.swift */; };
		61E78E4E2813CBED009112A1 /* ConverterViewController.swift in Sources */ = {isa = PBXBuildFile; fileRef = 61E78E4D2813CBED009112A1 /* ConverterViewController.swift */; };
		61E78E512813CBED009112A1 /* Main.storyboard in Resources */ = {isa = PBXBuildFile; fileRef = 61E78E4F2813CBED009112A1 /* Main.storyboard */; };
		61E78E532813CBF1009112A1 /* Assets.xcassets in Resources */ = {isa = PBXBuildFile; fileRef = 61E78E522813CBF1009112A1 /* Assets.xcassets */; };
		61E78E562813CBF1009112A1 /* LaunchScreen.storyboard in Resources */ = {isa = PBXBuildFile; fileRef = 61E78E542813CBF1009112A1 /* LaunchScreen.storyboard */; };
		61E78E612813CBF1009112A1 /* ConverterTests.swift in Sources */ = {isa = PBXBuildFile; fileRef = 61E78E602813CBF1009112A1 /* ConverterTests.swift */; };
		61E78E6C2813CBF2009112A1 /* ConverterUITests.swift in Sources */ = {isa = PBXBuildFile; fileRef = 61E78E6B2813CBF2009112A1 /* ConverterUITests.swift */; };
		61E78EB32813DE4A009112A1 /* Environment.swift in Sources */ = {isa = PBXBuildFile; fileRef = 61E78EB22813DE4A009112A1 /* Environment.swift */; };
		61E78EBE2813E34B009112A1 /* Localizable.strings in Resources */ = {isa = PBXBuildFile; fileRef = 61E78EBD2813E34B009112A1 /* Localizable.strings */; };
		61E78EC32813E3CC009112A1 /* Postfix.swift in Sources */ = {isa = PBXBuildFile; fileRef = 61E78EC22813E3CC009112A1 /* Postfix.swift */; };
		61E78EDF28140EA6009112A1 /* UIViewExtension.swift in Sources */ = {isa = PBXBuildFile; fileRef = 61E78EDE28140EA5009112A1 /* UIViewExtension.swift */; };
		ACFB0FF7179B15855C25D0F5 /* Pods_ConverterTests.framework in Frameworks */ = {isa = PBXBuildFile; fileRef = 9826C8AB8D1960F76390BA37 /* Pods_ConverterTests.framework */; };
/* End PBXBuildFile section */

/* Begin PBXContainerItemProxy section */
		61E78E5D2813CBF1009112A1 /* PBXContainerItemProxy */ = {
			isa = PBXContainerItemProxy;
			containerPortal = 61E78E3E2813CBED009112A1 /* Project object */;
			proxyType = 1;
			remoteGlobalIDString = 61E78E452813CBED009112A1;
			remoteInfo = Converter;
		};
		61E78E682813CBF2009112A1 /* PBXContainerItemProxy */ = {
			isa = PBXContainerItemProxy;
			containerPortal = 61E78E3E2813CBED009112A1 /* Project object */;
			proxyType = 1;
			remoteGlobalIDString = 61E78E452813CBED009112A1;
			remoteInfo = Converter;
		};
/* End PBXContainerItemProxy section */

/* Begin PBXFileReference section */
		134C72DDAF3FA8BEAA4F1F40 /* Pods-Converter-ConverterUITests.debug.xcconfig */ = {isa = PBXFileReference; includeInIndex = 1; lastKnownFileType = text.xcconfig; name = "Pods-Converter-ConverterUITests.debug.xcconfig"; path = "Target Support Files/Pods-Converter-ConverterUITests/Pods-Converter-ConverterUITests.debug.xcconfig"; sourceTree = "<group>"; };
		14D882D1E090BDCE74A40353 /* Pods-ConverterTests.debug.xcconfig */ = {isa = PBXFileReference; includeInIndex = 1; lastKnownFileType = text.xcconfig; name = "Pods-ConverterTests.debug.xcconfig"; path = "Target Support Files/Pods-ConverterTests/Pods-ConverterTests.debug.xcconfig"; sourceTree = "<group>"; };
		1C2FDE9DE0748F6C8B310BE4 /* Pods-ConverterTests.release.xcconfig */ = {isa = PBXFileReference; includeInIndex = 1; lastKnownFileType = text.xcconfig; name = "Pods-ConverterTests.release.xcconfig"; path = "Target Support Files/Pods-ConverterTests/Pods-ConverterTests.release.xcconfig"; sourceTree = "<group>"; };
		4D9579D0642553351325E7E3 /* Pods-Converter.release.xcconfig */ = {isa = PBXFileReference; includeInIndex = 1; lastKnownFileType = text.xcconfig; name = "Pods-Converter.release.xcconfig"; path = "Target Support Files/Pods-Converter/Pods-Converter.release.xcconfig"; sourceTree = "<group>"; };
		6151A25D2814177E0044E1C4 /* ConverterViewModel.swift */ = {isa = PBXFileReference; lastKnownFileType = sourcecode.swift; path = ConverterViewModel.swift; sourceTree = "<group>"; };
		6151A289281446620044E1C4 /* APIService.swift */ = {isa = PBXFileReference; fileEncoding = 4; lastKnownFileType = sourcecode.swift; path = APIService.swift; sourceTree = "<group>"; };
		6151A28B281446620044E1C4 /* APIServiceProtocol.swift */ = {isa = PBXFileReference; fileEncoding = 4; lastKnownFileType = sourcecode.swift; path = APIServiceProtocol.swift; sourceTree = "<group>"; };
		6151A28C281446620044E1C4 /* APIServiceManagerExtensionBasic.swift */ = {isa = PBXFileReference; fileEncoding = 4; lastKnownFileType = sourcecode.swift; path = APIServiceManagerExtensionBasic.swift; sourceTree = "<group>"; };
		6151A28D281446620044E1C4 /* APIServiceManager.swift */ = {isa = PBXFileReference; fileEncoding = 4; lastKnownFileType = sourcecode.swift; path = APIServiceManager.swift; sourceTree = "<group>"; };
		6151A296281446AA0044E1C4 /* ErrorResponse.swift */ = {isa = PBXFileReference; fileEncoding = 4; lastKnownFileType = sourcecode.swift; path = ErrorResponse.swift; sourceTree = "<group>"; };
		6151A29B281446D00044E1C4 /* Loader.swift */ = {isa = PBXFileReference; fileEncoding = 4; lastKnownFileType = sourcecode.swift; path = Loader.swift; sourceTree = "<group>"; };
		6151A2AB28144BA70044E1C4 /* ConverterData.swift */ = {isa = PBXFileReference; lastKnownFileType = sourcecode.swift; path = ConverterData.swift; sourceTree = "<group>"; };
		6151A2B92814607D0044E1C4 /* AlertProtocol.swift */ = {isa = PBXFileReference; fileEncoding = 4; lastKnownFileType = sourcecode.swift; path = AlertProtocol.swift; sourceTree = "<group>"; };
		6184DE392815423F00838059 /* DropdownView.swift */ = {isa = PBXFileReference; fileEncoding = 4; lastKnownFileType = sourcecode.swift; path = DropdownView.swift; sourceTree = "<group>"; };
		619257E82816541D002B45A0 /* DetailsViewController.swift */ = {isa = PBXFileReference; lastKnownFileType = sourcecode.swift; path = DetailsViewController.swift; sourceTree = "<group>"; };
		619257ED2816542F002B45A0 /* DetailsViewModel.swift */ = {isa = PBXFileReference; lastKnownFileType = sourcecode.swift; path = DetailsViewModel.swift; sourceTree = "<group>"; };
		619257F52816748B002B45A0 /* IdentifierProtocol.swift */ = {isa = PBXFileReference; lastKnownFileType = sourcecode.swift; path = IdentifierProtocol.swift; sourceTree = "<group>"; };
		6192581928169B57002B45A0 /* DateFormatterExtension.swift */ = {isa = PBXFileReference; lastKnownFileType = sourcecode.swift; path = DateFormatterExtension.swift; sourceTree = "<group>"; };
		6192581E28169DE8002B45A0 /* DateExtension.swift */ = {isa = PBXFileReference; lastKnownFileType = sourcecode.swift; path = DateExtension.swift; sourceTree = "<group>"; };
		619258242816AD46002B45A0 /* HistoricalViewCell.swift */ = {isa = PBXFileReference; lastKnownFileType = sourcecode.swift; path = HistoricalViewCell.swift; sourceTree = "<group>"; };
		619258292816AD5B002B45A0 /* CurrenciesViewCell.swift */ = {isa = PBXFileReference; lastKnownFileType = sourcecode.swift; path = CurrenciesViewCell.swift; sourceTree = "<group>"; };
		6192582E2816C3AD002B45A0 /* HistoricalCellViewModel.swift */ = {isa = PBXFileReference; lastKnownFileType = sourcecode.swift; path = HistoricalCellViewModel.swift; sourceTree = "<group>"; };
		619258392816D219002B45A0 /* CurrenciesCellViewModel.swift */ = {isa = PBXFileReference; lastKnownFileType = sourcecode.swift; path = CurrenciesCellViewModel.swift; sourceTree = "<group>"; };
		61A2A0312815AE530056BDA1 /* DoubleExtension.swift */ = {isa = PBXFileReference; lastKnownFileType = sourcecode.swift; path = DoubleExtension.swift; sourceTree = "<group>"; };
		61E4B0B42817AB3C000A01DA /* ChartView.swift */ = {isa = PBXFileReference; lastKnownFileType = sourcecode.swift; path = ChartView.swift; sourceTree = "<group>"; };
		61E4B0B92817B828000A01DA /* ChartViewModel.swift */ = {isa = PBXFileReference; lastKnownFileType = sourcecode.swift; path = ChartViewModel.swift; sourceTree = "<group>"; };
		61E4B0EB2817CDD3000A01DA /* Utilities.swift */ = {isa = PBXFileReference; fileEncoding = 4; lastKnownFileType = sourcecode.swift; path = Utilities.swift; sourceTree = "<group>"; };
		61E4B0F62817CE67000A01DA /* APIServiceProtocolMock.swift */ = {isa = PBXFileReference; fileEncoding = 4; lastKnownFileType = sourcecode.swift; path = APIServiceProtocolMock.swift; sourceTree = "<group>"; };
		61E4B0FE2817CF34000A01DA /* Latest.json */ = {isa = PBXFileReference; fileEncoding = 4; lastKnownFileType = text.json; path = Latest.json; sourceTree = "<group>"; };
		61E4B0FF2817CF34000A01DA /* Historical.json */ = {isa = PBXFileReference; fileEncoding = 4; lastKnownFileType = text.json; path = Historical.json; sourceTree = "<group>"; };
		61E4B10B2817CF56000A01DA /* Error.json */ = {isa = PBXFileReference; fileEncoding = 4; lastKnownFileType = text.json; path = Error.json; sourceTree = "<group>"; };
		61E4B1162817D26C000A01DA /* ConverterViewModelTest.swift */ = {isa = PBXFileReference; lastKnownFileType = sourcecode.swift; path = ConverterViewModelTest.swift; sourceTree = "<group>"; };
		61E4B11B2817D2D3000A01DA /* DetailsViewModelTest.swift */ = {isa = PBXFileReference; lastKnownFileType = sourcecode.swift; path = DetailsViewModelTest.swift; sourceTree = "<group>"; };
		61E4B1202817E579000A01DA /* HistoricalCellViewModelTest.swift */ = {isa = PBXFileReference; lastKnownFileType = sourcecode.swift; path = HistoricalCellViewModelTest.swift; sourceTree = "<group>"; };
		61E4B1252817E589000A01DA /* CurrenciesCellViewModelTest.swift */ = {isa = PBXFileReference; lastKnownFileType = sourcecode.swift; path = CurrenciesCellViewModelTest.swift; sourceTree = "<group>"; };
		61E4B12A2817E59A000A01DA /* ChartViewModelTest.swift */ = {isa = PBXFileReference; lastKnownFileType = sourcecode.swift; path = ChartViewModelTest.swift; sourceTree = "<group>"; };
		61E78E462813CBED009112A1 /* Converter.app */ = {isa = PBXFileReference; explicitFileType = wrapper.application; includeInIndex = 0; path = Converter.app; sourceTree = BUILT_PRODUCTS_DIR; };
		61E78E492813CBED009112A1 /* AppDelegate.swift */ = {isa = PBXFileReference; lastKnownFileType = sourcecode.swift; path = AppDelegate.swift; sourceTree = "<group>"; };
		61E78E4B2813CBED009112A1 /* SceneDelegate.swift */ = {isa = PBXFileReference; lastKnownFileType = sourcecode.swift; path = SceneDelegate.swift; sourceTree = "<group>"; };
		61E78E4D2813CBED009112A1 /* ConverterViewController.swift */ = {isa = PBXFileReference; lastKnownFileType = sourcecode.swift; path = ConverterViewController.swift; sourceTree = "<group>"; };
		61E78E502813CBED009112A1 /* Base */ = {isa = PBXFileReference; lastKnownFileType = file.storyboard; name = Base; path = Base.lproj/Main.storyboard; sourceTree = "<group>"; };
		61E78E522813CBF1009112A1 /* Assets.xcassets */ = {isa = PBXFileReference; lastKnownFileType = folder.assetcatalog; path = Assets.xcassets; sourceTree = "<group>"; };
		61E78E552813CBF1009112A1 /* Base */ = {isa = PBXFileReference; lastKnownFileType = file.storyboard; name = Base; path = Base.lproj/LaunchScreen.storyboard; sourceTree = "<group>"; };
		61E78E572813CBF1009112A1 /* Info.plist */ = {isa = PBXFileReference; lastKnownFileType = text.plist.xml; path = Info.plist; sourceTree = "<group>"; };
		61E78E5C2813CBF1009112A1 /* ConverterTests.xctest */ = {isa = PBXFileReference; explicitFileType = wrapper.cfbundle; includeInIndex = 0; path = ConverterTests.xctest; sourceTree = BUILT_PRODUCTS_DIR; };
		61E78E602813CBF1009112A1 /* ConverterTests.swift */ = {isa = PBXFileReference; lastKnownFileType = sourcecode.swift; path = ConverterTests.swift; sourceTree = "<group>"; };
		61E78E622813CBF1009112A1 /* Info.plist */ = {isa = PBXFileReference; lastKnownFileType = text.plist.xml; path = Info.plist; sourceTree = "<group>"; };
		61E78E672813CBF2009112A1 /* ConverterUITests.xctest */ = {isa = PBXFileReference; explicitFileType = wrapper.cfbundle; includeInIndex = 0; path = ConverterUITests.xctest; sourceTree = BUILT_PRODUCTS_DIR; };
		61E78E6B2813CBF2009112A1 /* ConverterUITests.swift */ = {isa = PBXFileReference; lastKnownFileType = sourcecode.swift; path = ConverterUITests.swift; sourceTree = "<group>"; };
		61E78E6D2813CBF2009112A1 /* Info.plist */ = {isa = PBXFileReference; lastKnownFileType = text.plist.xml; path = Info.plist; sourceTree = "<group>"; };
		61E78EA72813DB96009112A1 /* Development.xcconfig */ = {isa = PBXFileReference; lastKnownFileType = text.xcconfig; path = Development.xcconfig; sourceTree = "<group>"; };
		61E78EA82813DBAE009112A1 /* Production.xcconfig */ = {isa = PBXFileReference; lastKnownFileType = text.xcconfig; path = Production.xcconfig; sourceTree = "<group>"; };
		61E78EB22813DE4A009112A1 /* Environment.swift */ = {isa = PBXFileReference; lastKnownFileType = sourcecode.swift; path = Environment.swift; sourceTree = "<group>"; };
		61E78EBD2813E34B009112A1 /* Localizable.strings */ = {isa = PBXFileReference; lastKnownFileType = text.plist.strings; path = Localizable.strings; sourceTree = "<group>"; };
		61E78EC22813E3CC009112A1 /* Postfix.swift */ = {isa = PBXFileReference; lastKnownFileType = sourcecode.swift; path = Postfix.swift; sourceTree = "<group>"; };
		61E78EDE28140EA5009112A1 /* UIViewExtension.swift */ = {isa = PBXFileReference; lastKnownFileType = sourcecode.swift; path = UIViewExtension.swift; sourceTree = "<group>"; };
		67573DD19D69BFC23A5675A0 /* Pods_Converter_ConverterUITests.framework */ = {isa = PBXFileReference; explicitFileType = wrapper.framework; includeInIndex = 0; path = Pods_Converter_ConverterUITests.framework; sourceTree = BUILT_PRODUCTS_DIR; };
		738B03213B73D2EA7A4845E9 /* Pods-Converter-ConverterUITests.release.xcconfig */ = {isa = PBXFileReference; includeInIndex = 1; lastKnownFileType = text.xcconfig; name = "Pods-Converter-ConverterUITests.release.xcconfig"; path = "Target Support Files/Pods-Converter-ConverterUITests/Pods-Converter-ConverterUITests.release.xcconfig"; sourceTree = "<group>"; };
		8DDB6A3C3F8DC6D5AA9752A8 /* Pods_Converter.framework */ = {isa = PBXFileReference; explicitFileType = wrapper.framework; includeInIndex = 0; path = Pods_Converter.framework; sourceTree = BUILT_PRODUCTS_DIR; };
		9826C8AB8D1960F76390BA37 /* Pods_ConverterTests.framework */ = {isa = PBXFileReference; explicitFileType = wrapper.framework; includeInIndex = 0; path = Pods_ConverterTests.framework; sourceTree = BUILT_PRODUCTS_DIR; };
		D132784C5A538B39741FC3ED /* Pods-Converter.debug.xcconfig */ = {isa = PBXFileReference; includeInIndex = 1; lastKnownFileType = text.xcconfig; name = "Pods-Converter.debug.xcconfig"; path = "Target Support Files/Pods-Converter/Pods-Converter.debug.xcconfig"; sourceTree = "<group>"; };
/* End PBXFileReference section */

/* Begin PBXFrameworksBuildPhase section */
		61E78E432813CBED009112A1 /* Frameworks */ = {
			isa = PBXFrameworksBuildPhase;
			buildActionMask = 2147483647;
			files = (
				0172F136C05BE03DFC5DAEE2 /* Pods_Converter.framework in Frameworks */,
			);
			runOnlyForDeploymentPostprocessing = 0;
		};
		61E78E592813CBF1009112A1 /* Frameworks */ = {
			isa = PBXFrameworksBuildPhase;
			buildActionMask = 2147483647;
			files = (
				ACFB0FF7179B15855C25D0F5 /* Pods_ConverterTests.framework in Frameworks */,
			);
			runOnlyForDeploymentPostprocessing = 0;
		};
		61E78E642813CBF2009112A1 /* Frameworks */ = {
			isa = PBXFrameworksBuildPhase;
			buildActionMask = 2147483647;
			files = (
				3614AC02206D5E96D7E71365 /* Pods_Converter_ConverterUITests.framework in Frameworks */,
			);
			runOnlyForDeploymentPostprocessing = 0;
		};
/* End PBXFrameworksBuildPhase section */

/* Begin PBXGroup section */
		5EC1CC399D211E96625E5ABA /* Pods */ = {
			isa = PBXGroup;
			children = (
				D132784C5A538B39741FC3ED /* Pods-Converter.debug.xcconfig */,
				4D9579D0642553351325E7E3 /* Pods-Converter.release.xcconfig */,
				134C72DDAF3FA8BEAA4F1F40 /* Pods-Converter-ConverterUITests.debug.xcconfig */,
				738B03213B73D2EA7A4845E9 /* Pods-Converter-ConverterUITests.release.xcconfig */,
				14D882D1E090BDCE74A40353 /* Pods-ConverterTests.debug.xcconfig */,
				1C2FDE9DE0748F6C8B310BE4 /* Pods-ConverterTests.release.xcconfig */,
			);
			path = Pods;
			sourceTree = "<group>";
		};
		6151A255281415C50044E1C4 /* Common */ = {
			isa = PBXGroup;
			children = (
				61E78E492813CBED009112A1 /* AppDelegate.swift */,
				61E78E4B2813CBED009112A1 /* SceneDelegate.swift */,
			);
			path = Common;
			sourceTree = "<group>";
		};
		6151A259281416760044E1C4 /* Model */ = {
			isa = PBXGroup;
			children = (
				6151A2AB28144BA70044E1C4 /* ConverterData.swift */,
				6151A296281446AA0044E1C4 /* ErrorResponse.swift */,
			);
			path = Model;
			sourceTree = "<group>";
		};
		6151A25A2814167C0044E1C4 /* View */ = {
			isa = PBXGroup;
			children = (
				61E78E4D2813CBED009112A1 /* ConverterViewController.swift */,
				619257E82816541D002B45A0 /* DetailsViewController.swift */,
				61E4B0B42817AB3C000A01DA /* ChartView.swift */,
				619258242816AD46002B45A0 /* HistoricalViewCell.swift */,
				619258292816AD5B002B45A0 /* CurrenciesViewCell.swift */,
			);
			path = View;
			sourceTree = "<group>";
		};
		6151A25B281416830044E1C4 /* ViewModel */ = {
			isa = PBXGroup;
			children = (
				6151A25D2814177E0044E1C4 /* ConverterViewModel.swift */,
				619257ED2816542F002B45A0 /* DetailsViewModel.swift */,
				61E4B0B92817B828000A01DA /* ChartViewModel.swift */,
				6192582E2816C3AD002B45A0 /* HistoricalCellViewModel.swift */,
				619258392816D219002B45A0 /* CurrenciesCellViewModel.swift */,
			);
			path = ViewModel;
			sourceTree = "<group>";
		};
		6151A270281418460044E1C4 /* Storyboard */ = {
			isa = PBXGroup;
			children = (
				61E78E542813CBF1009112A1 /* LaunchScreen.storyboard */,
				61E78E4F2813CBED009112A1 /* Main.storyboard */,
			);
			path = Storyboard;
			sourceTree = "<group>";
		};
		6151A288281446620044E1C4 /* NetworkManager */ = {
			isa = PBXGroup;
			children = (
				6151A289281446620044E1C4 /* APIService.swift */,
				6151A28D281446620044E1C4 /* APIServiceManager.swift */,
				6151A28B281446620044E1C4 /* APIServiceProtocol.swift */,
				6151A28C281446620044E1C4 /* APIServiceManagerExtensionBasic.swift */,
			);
			path = NetworkManager;
			sourceTree = "<group>";
		};
		619257FA2816749E002B45A0 /* Protocol */ = {
			isa = PBXGroup;
			children = (
				6151A2B92814607D0044E1C4 /* AlertProtocol.swift */,
				619257F52816748B002B45A0 /* IdentifierProtocol.swift */,
			);
			path = Protocol;
			sourceTree = "<group>";
		};
		619257FE281674AE002B45A0 /* Extension */ = {
			isa = PBXGroup;
			children = (
				61E78EDE28140EA5009112A1 /* UIViewExtension.swift */,
				61A2A0312815AE530056BDA1 /* DoubleExtension.swift */,
				6192581928169B57002B45A0 /* DateFormatterExtension.swift */,
				6192581E28169DE8002B45A0 /* DateExtension.swift */,
			);
			path = Extension;
			sourceTree = "<group>";
		};
		61E4B0EA2817CDD3000A01DA /* Helper */ = {
			isa = PBXGroup;
			children = (
				61E4B0EB2817CDD3000A01DA /* Utilities.swift */,
			);
			path = Helper;
			sourceTree = "<group>";
		};
		61E4B0F02817CDD7000A01DA /* Mocks */ = {
			isa = PBXGroup;
			children = (
				61E4B0F62817CE67000A01DA /* APIServiceProtocolMock.swift */,
			);
			path = Mocks;
			sourceTree = "<group>";
		};
		61E4B0F42817CDDE000A01DA /* Resources */ = {
			isa = PBXGroup;
			children = (
				61E4B0FE2817CF34000A01DA /* Latest.json */,
				61E4B0FF2817CF34000A01DA /* Historical.json */,
				61E4B10B2817CF56000A01DA /* Error.json */,
			);
			path = Resources;
			sourceTree = "<group>";
		};
		61E4B0F52817CDF5000A01DA /* UnitTests */ = {
			isa = PBXGroup;
			children = (
				61E4B1162817D26C000A01DA /* ConverterViewModelTest.swift */,
				61E4B11B2817D2D3000A01DA /* DetailsViewModelTest.swift */,
				61E4B12A2817E59A000A01DA /* ChartViewModelTest.swift */,
				61E4B1202817E579000A01DA /* HistoricalCellViewModelTest.swift */,
				61E4B1252817E589000A01DA /* CurrenciesCellViewModelTest.swift */,
			);
			path = UnitTests;
			sourceTree = "<group>";
		};
		61E78E3D2813CBED009112A1 = {
			isa = PBXGroup;
			children = (
				61E78E482813CBED009112A1 /* Converter */,
				61E78E5F2813CBF1009112A1 /* ConverterTests */,
				61E78E6A2813CBF2009112A1 /* ConverterUITests */,
				61E78E472813CBED009112A1 /* Products */,
				5EC1CC399D211E96625E5ABA /* Pods */,
				BEC172D27C44F23329ADA0BF /* Frameworks */,
			);
			sourceTree = "<group>";
		};
		61E78E472813CBED009112A1 /* Products */ = {
			isa = PBXGroup;
			children = (
				61E78E462813CBED009112A1 /* Converter.app */,
				61E78E5C2813CBF1009112A1 /* ConverterTests.xctest */,
				61E78E672813CBF2009112A1 /* ConverterUITests.xctest */,
			);
			name = Products;
			sourceTree = "<group>";
		};
		61E78E482813CBED009112A1 /* Converter */ = {
			isa = PBXGroup;
			children = (
				61E78EA62813DB7B009112A1 /* Config */,
				6151A255281415C50044E1C4 /* Common */,
				61E78EDD28140E91009112A1 /* Utilities */,
				6151A288281446620044E1C4 /* NetworkManager */,
				6151A259281416760044E1C4 /* Model */,
				6151A25A2814167C0044E1C4 /* View */,
				6151A25B281416830044E1C4 /* ViewModel */,
				6151A270281418460044E1C4 /* Storyboard */,
				61E78EC72813E445009112A1 /* Localize */,
				61E78ED62813F2B9009112A1 /* Resource */,
				61E78E572813CBF1009112A1 /* Info.plist */,
			);
			path = Converter;
			sourceTree = "<group>";
		};
		61E78E5F2813CBF1009112A1 /* ConverterTests */ = {
			isa = PBXGroup;
			children = (
				61E4B0F52817CDF5000A01DA /* UnitTests */,
				61E4B0F02817CDD7000A01DA /* Mocks */,
				61E4B0EA2817CDD3000A01DA /* Helper */,
				61E4B0F42817CDDE000A01DA /* Resources */,
				61E78E602813CBF1009112A1 /* ConverterTests.swift */,
				61E78E622813CBF1009112A1 /* Info.plist */,
			);
			path = ConverterTests;
			sourceTree = "<group>";
		};
		61E78E6A2813CBF2009112A1 /* ConverterUITests */ = {
			isa = PBXGroup;
			children = (
				61E78E6B2813CBF2009112A1 /* ConverterUITests.swift */,
				61E78E6D2813CBF2009112A1 /* Info.plist */,
			);
			path = ConverterUITests;
			sourceTree = "<group>";
		};
		61E78EA62813DB7B009112A1 /* Config */ = {
			isa = PBXGroup;
			children = (
				61E78EA72813DB96009112A1 /* Development.xcconfig */,
				61E78EA82813DBAE009112A1 /* Production.xcconfig */,
				61E78EB22813DE4A009112A1 /* Environment.swift */,
			);
			path = Config;
			sourceTree = "<group>";
		};
		61E78EC72813E445009112A1 /* Localize */ = {
			isa = PBXGroup;
			children = (
				61E78EC22813E3CC009112A1 /* Postfix.swift */,
				61E78EBD2813E34B009112A1 /* Localizable.strings */,
			);
			path = Localize;
			sourceTree = "<group>";
		};
		61E78ED62813F2B9009112A1 /* Resource */ = {
			isa = PBXGroup;
			children = (
				61E78E522813CBF1009112A1 /* Assets.xcassets */,
			);
			path = Resource;
			sourceTree = "<group>";
		};
		61E78EDD28140E91009112A1 /* Utilities */ = {
			isa = PBXGroup;
			children = (
				619257FA2816749E002B45A0 /* Protocol */,
				619257FE281674AE002B45A0 /* Extension */,
				6151A29B281446D00044E1C4 /* Loader.swift */,
				6184DE392815423F00838059 /* DropdownView.swift */,
			);
			path = Utilities;
			sourceTree = "<group>";
		};
		BEC172D27C44F23329ADA0BF /* Frameworks */ = {
			isa = PBXGroup;
			children = (
				8DDB6A3C3F8DC6D5AA9752A8 /* Pods_Converter.framework */,
				67573DD19D69BFC23A5675A0 /* Pods_Converter_ConverterUITests.framework */,
				9826C8AB8D1960F76390BA37 /* Pods_ConverterTests.framework */,
			);
			name = Frameworks;
			sourceTree = "<group>";
		};
/* End PBXGroup section */

/* Begin PBXNativeTarget section */
		61E78E452813CBED009112A1 /* Converter */ = {
			isa = PBXNativeTarget;
			buildConfigurationList = 61E78E702813CBF2009112A1 /* Build configuration list for PBXNativeTarget "Converter" */;
			buildPhases = (
				BE88DE642C46A459C7ED7506 /* [CP] Check Pods Manifest.lock */,
				61E78E422813CBED009112A1 /* Sources */,
				61E78E432813CBED009112A1 /* Frameworks */,
				61E78E442813CBED009112A1 /* Resources */,
				960E82948850C20A1385A8A4 /* [CP] Embed Pods Frameworks */,
			);
			buildRules = (
			);
			dependencies = (
			);
			name = Converter;
			productName = Converter;
			productReference = 61E78E462813CBED009112A1 /* Converter.app */;
			productType = "com.apple.product-type.application";
		};
		61E78E5B2813CBF1009112A1 /* ConverterTests */ = {
			isa = PBXNativeTarget;
			buildConfigurationList = 61E78E732813CBF2009112A1 /* Build configuration list for PBXNativeTarget "ConverterTests" */;
			buildPhases = (
				2E0CF2E047BB6D4FAD7C933B /* [CP] Check Pods Manifest.lock */,
				61E78E582813CBF1009112A1 /* Sources */,
				61E78E592813CBF1009112A1 /* Frameworks */,
				61E78E5A2813CBF1009112A1 /* Resources */,
			);
			buildRules = (
			);
			dependencies = (
				61E78E5E2813CBF1009112A1 /* PBXTargetDependency */,
			);
			name = ConverterTests;
			productName = ConverterTests;
			productReference = 61E78E5C2813CBF1009112A1 /* ConverterTests.xctest */;
			productType = "com.apple.product-type.bundle.unit-test";
		};
		61E78E662813CBF2009112A1 /* ConverterUITests */ = {
			isa = PBXNativeTarget;
			buildConfigurationList = 61E78E762813CBF2009112A1 /* Build configuration list for PBXNativeTarget "ConverterUITests" */;
			buildPhases = (
				34916E257656686AC9AE5068 /* [CP] Check Pods Manifest.lock */,
				61E78E632813CBF2009112A1 /* Sources */,
				61E78E642813CBF2009112A1 /* Frameworks */,
				61E78E652813CBF2009112A1 /* Resources */,
				47D9006E6E5956F2974F48B9 /* [CP] Embed Pods Frameworks */,
			);
			buildRules = (
			);
			dependencies = (
				61E78E692813CBF2009112A1 /* PBXTargetDependency */,
			);
			name = ConverterUITests;
			productName = ConverterUITests;
			productReference = 61E78E672813CBF2009112A1 /* ConverterUITests.xctest */;
			productType = "com.apple.product-type.bundle.ui-testing";
		};
/* End PBXNativeTarget section */

/* Begin PBXProject section */
		61E78E3E2813CBED009112A1 /* Project object */ = {
			isa = PBXProject;
			attributes = {
				LastSwiftUpdateCheck = 1240;
				LastUpgradeCheck = 1240;
				TargetAttributes = {
					61E78E452813CBED009112A1 = {
						CreatedOnToolsVersion = 12.4;
					};
					61E78E5B2813CBF1009112A1 = {
						CreatedOnToolsVersion = 12.4;
						TestTargetID = 61E78E452813CBED009112A1;
					};
					61E78E662813CBF2009112A1 = {
						CreatedOnToolsVersion = 12.4;
						TestTargetID = 61E78E452813CBED009112A1;
					};
				};
			};
			buildConfigurationList = 61E78E412813CBED009112A1 /* Build configuration list for PBXProject "Converter" */;
			compatibilityVersion = "Xcode 9.3";
			developmentRegion = en;
			hasScannedForEncodings = 0;
			knownRegions = (
				en,
				Base,
			);
			mainGroup = 61E78E3D2813CBED009112A1;
			productRefGroup = 61E78E472813CBED009112A1 /* Products */;
			projectDirPath = "";
			projectRoot = "";
			targets = (
				61E78E452813CBED009112A1 /* Converter */,
				61E78E5B2813CBF1009112A1 /* ConverterTests */,
				61E78E662813CBF2009112A1 /* ConverterUITests */,
			);
		};
/* End PBXProject section */

/* Begin PBXResourcesBuildPhase section */
		61E78E442813CBED009112A1 /* Resources */ = {
			isa = PBXResourcesBuildPhase;
			buildActionMask = 2147483647;
			files = (
				61E78E562813CBF1009112A1 /* LaunchScreen.storyboard in Resources */,
				61E78EBE2813E34B009112A1 /* Localizable.strings in Resources */,
				61E78E532813CBF1009112A1 /* Assets.xcassets in Resources */,
				61E78E512813CBED009112A1 /* Main.storyboard in Resources */,
			);
			runOnlyForDeploymentPostprocessing = 0;
		};
		61E78E5A2813CBF1009112A1 /* Resources */ = {
			isa = PBXResourcesBuildPhase;
			buildActionMask = 2147483647;
			files = (
				61E4B10C2817CF56000A01DA /* Error.json in Resources */,
				61E4B1002817CF34000A01DA /* Latest.json in Resources */,
				61E4B1012817CF34000A01DA /* Historical.json in Resources */,
			);
			runOnlyForDeploymentPostprocessing = 0;
		};
		61E78E652813CBF2009112A1 /* Resources */ = {
			isa = PBXResourcesBuildPhase;
			buildActionMask = 2147483647;
			files = (
			);
			runOnlyForDeploymentPostprocessing = 0;
		};
/* End PBXResourcesBuildPhase section */

/* Begin PBXShellScriptBuildPhase section */
		2E0CF2E047BB6D4FAD7C933B /* [CP] Check Pods Manifest.lock */ = {
			isa = PBXShellScriptBuildPhase;
			buildActionMask = 2147483647;
			files = (
			);
			inputFileListPaths = (
			);
			inputPaths = (
				"${PODS_PODFILE_DIR_PATH}/Podfile.lock",
				"${PODS_ROOT}/Manifest.lock",
			);
			name = "[CP] Check Pods Manifest.lock";
			outputFileListPaths = (
			);
			outputPaths = (
				"$(DERIVED_FILE_DIR)/Pods-ConverterTests-checkManifestLockResult.txt",
			);
			runOnlyForDeploymentPostprocessing = 0;
			shellPath = /bin/sh;
			shellScript = "diff \"${PODS_PODFILE_DIR_PATH}/Podfile.lock\" \"${PODS_ROOT}/Manifest.lock\" > /dev/null\nif [ $? != 0 ] ; then\n    # print error to STDERR\n    echo \"error: The sandbox is not in sync with the Podfile.lock. Run 'pod install' or update your CocoaPods installation.\" >&2\n    exit 1\nfi\n# This output is used by Xcode 'outputs' to avoid re-running this script phase.\necho \"SUCCESS\" > \"${SCRIPT_OUTPUT_FILE_0}\"\n";
			showEnvVarsInLog = 0;
		};
		34916E257656686AC9AE5068 /* [CP] Check Pods Manifest.lock */ = {
			isa = PBXShellScriptBuildPhase;
			buildActionMask = 2147483647;
			files = (
			);
			inputFileListPaths = (
			);
			inputPaths = (
				"${PODS_PODFILE_DIR_PATH}/Podfile.lock",
				"${PODS_ROOT}/Manifest.lock",
			);
			name = "[CP] Check Pods Manifest.lock";
			outputFileListPaths = (
			);
			outputPaths = (
				"$(DERIVED_FILE_DIR)/Pods-Converter-ConverterUITests-checkManifestLockResult.txt",
			);
			runOnlyForDeploymentPostprocessing = 0;
			shellPath = /bin/sh;
			shellScript = "diff \"${PODS_PODFILE_DIR_PATH}/Podfile.lock\" \"${PODS_ROOT}/Manifest.lock\" > /dev/null\nif [ $? != 0 ] ; then\n    # print error to STDERR\n    echo \"error: The sandbox is not in sync with the Podfile.lock. Run 'pod install' or update your CocoaPods installation.\" >&2\n    exit 1\nfi\n# This output is used by Xcode 'outputs' to avoid re-running this script phase.\necho \"SUCCESS\" > \"${SCRIPT_OUTPUT_FILE_0}\"\n";
			showEnvVarsInLog = 0;
		};
		47D9006E6E5956F2974F48B9 /* [CP] Embed Pods Frameworks */ = {
			isa = PBXShellScriptBuildPhase;
			buildActionMask = 2147483647;
			files = (
			);
			inputFileListPaths = (
				"${PODS_ROOT}/Target Support Files/Pods-Converter-ConverterUITests/Pods-Converter-ConverterUITests-frameworks-${CONFIGURATION}-input-files.xcfilelist",
			);
			name = "[CP] Embed Pods Frameworks";
			outputFileListPaths = (
				"${PODS_ROOT}/Target Support Files/Pods-Converter-ConverterUITests/Pods-Converter-ConverterUITests-frameworks-${CONFIGURATION}-output-files.xcfilelist",
			);
			runOnlyForDeploymentPostprocessing = 0;
			shellPath = /bin/sh;
			shellScript = "\"${PODS_ROOT}/Target Support Files/Pods-Converter-ConverterUITests/Pods-Converter-ConverterUITests-frameworks.sh\"\n";
			showEnvVarsInLog = 0;
		};
		960E82948850C20A1385A8A4 /* [CP] Embed Pods Frameworks */ = {
			isa = PBXShellScriptBuildPhase;
			buildActionMask = 2147483647;
			files = (
			);
			inputFileListPaths = (
				"${PODS_ROOT}/Target Support Files/Pods-Converter/Pods-Converter-frameworks-${CONFIGURATION}-input-files.xcfilelist",
			);
			name = "[CP] Embed Pods Frameworks";
			outputFileListPaths = (
				"${PODS_ROOT}/Target Support Files/Pods-Converter/Pods-Converter-frameworks-${CONFIGURATION}-output-files.xcfilelist",
			);
			runOnlyForDeploymentPostprocessing = 0;
			shellPath = /bin/sh;
			shellScript = "\"${PODS_ROOT}/Target Support Files/Pods-Converter/Pods-Converter-frameworks.sh\"\n";
			showEnvVarsInLog = 0;
		};
		BE88DE642C46A459C7ED7506 /* [CP] Check Pods Manifest.lock */ = {
			isa = PBXShellScriptBuildPhase;
			buildActionMask = 2147483647;
			files = (
			);
			inputFileListPaths = (
			);
			inputPaths = (
				"${PODS_PODFILE_DIR_PATH}/Podfile.lock",
				"${PODS_ROOT}/Manifest.lock",
			);
			name = "[CP] Check Pods Manifest.lock";
			outputFileListPaths = (
			);
			outputPaths = (
				"$(DERIVED_FILE_DIR)/Pods-Converter-checkManifestLockResult.txt",
			);
			runOnlyForDeploymentPostprocessing = 0;
			shellPath = /bin/sh;
			shellScript = "diff \"${PODS_PODFILE_DIR_PATH}/Podfile.lock\" \"${PODS_ROOT}/Manifest.lock\" > /dev/null\nif [ $? != 0 ] ; then\n    # print error to STDERR\n    echo \"error: The sandbox is not in sync with the Podfile.lock. Run 'pod install' or update your CocoaPods installation.\" >&2\n    exit 1\nfi\n# This output is used by Xcode 'outputs' to avoid re-running this script phase.\necho \"SUCCESS\" > \"${SCRIPT_OUTPUT_FILE_0}\"\n";
			showEnvVarsInLog = 0;
		};
/* End PBXShellScriptBuildPhase section */

/* Begin PBXSourcesBuildPhase section */
		61E78E422813CBED009112A1 /* Sources */ = {
			isa = PBXSourcesBuildPhase;
			buildActionMask = 2147483647;
			files = (
				61E78E4E2813CBED009112A1 /* ConverterViewController.swift in Sources */,
				619257EE2816542F002B45A0 /* DetailsViewModel.swift in Sources */,
				61A2A0322815AE530056BDA1 /* DoubleExtension.swift in Sources */,
				6192583A2816D219002B45A0 /* CurrenciesCellViewModel.swift in Sources */,
				6192582A2816AD5B002B45A0 /* CurrenciesViewCell.swift in Sources */,
				6192582F2816C3AD002B45A0 /* HistoricalCellViewModel.swift in Sources */,
				61E78EB32813DE4A009112A1 /* Environment.swift in Sources */,
				61E78E4A2813CBED009112A1 /* AppDelegate.swift in Sources */,
				6192581F28169DE8002B45A0 /* DateExtension.swift in Sources */,
				61E4B0B52817AB3C000A01DA /* ChartView.swift in Sources */,
				61E78E4C2813CBED009112A1 /* SceneDelegate.swift in Sources */,
				6151A292281446620044E1C4 /* APIServiceManager.swift in Sources */,
				6192581A28169B57002B45A0 /* DateFormatterExtension.swift in Sources */,
				61E4B0BA2817B828000A01DA /* ChartViewModel.swift in Sources */,
				6184DE3A2815423F00838059 /* DropdownView.swift in Sources */,
				619257F62816748B002B45A0 /* IdentifierProtocol.swift in Sources */,
				6151A291281446620044E1C4 /* APIServiceManagerExtensionBasic.swift in Sources */,
				61E78EDF28140EA6009112A1 /* UIViewExtension.swift in Sources */,
				61E78EC32813E3CC009112A1 /* Postfix.swift in Sources */,
				6151A2AC28144BA70044E1C4 /* ConverterData.swift in Sources */,
				619257E92816541D002B45A0 /* DetailsViewController.swift in Sources */,
				619258252816AD46002B45A0 /* HistoricalViewCell.swift in Sources */,
				6151A2BA2814607D0044E1C4 /* AlertProtocol.swift in Sources */,
				6151A28E281446620044E1C4 /* APIService.swift in Sources */,
				6151A290281446620044E1C4 /* APIServiceProtocol.swift in Sources */,
				6151A25E2814177E0044E1C4 /* ConverterViewModel.swift in Sources */,
				6151A29C281446D00044E1C4 /* Loader.swift in Sources */,
				6151A297281446AA0044E1C4 /* ErrorResponse.swift in Sources */,
			);
			runOnlyForDeploymentPostprocessing = 0;
		};
		61E78E582813CBF1009112A1 /* Sources */ = {
			isa = PBXSourcesBuildPhase;
			buildActionMask = 2147483647;
			files = (
				61E4B0EC2817CDD3000A01DA /* Utilities.swift in Sources */,
				61E4B12B2817E59A000A01DA /* ChartViewModelTest.swift in Sources */,
				61E4B0F72817CE67000A01DA /* APIServiceProtocolMock.swift in Sources */,
				61E4B1212817E579000A01DA /* HistoricalCellViewModelTest.swift in Sources */,
				61E78E612813CBF1009112A1 /* ConverterTests.swift in Sources */,
				61E4B11C2817D2D3000A01DA /* DetailsViewModelTest.swift in Sources */,
				61E4B1172817D26C000A01DA /* ConverterViewModelTest.swift in Sources */,
				61E4B1262817E589000A01DA /* CurrenciesCellViewModelTest.swift in Sources */,
			);
			runOnlyForDeploymentPostprocessing = 0;
		};
		61E78E632813CBF2009112A1 /* Sources */ = {
			isa = PBXSourcesBuildPhase;
			buildActionMask = 2147483647;
			files = (
				61E78E6C2813CBF2009112A1 /* ConverterUITests.swift in Sources */,
			);
			runOnlyForDeploymentPostprocessing = 0;
		};
/* End PBXSourcesBuildPhase section */

/* Begin PBXTargetDependency section */
		61E78E5E2813CBF1009112A1 /* PBXTargetDependency */ = {
			isa = PBXTargetDependency;
			target = 61E78E452813CBED009112A1 /* Converter */;
			targetProxy = 61E78E5D2813CBF1009112A1 /* PBXContainerItemProxy */;
		};
		61E78E692813CBF2009112A1 /* PBXTargetDependency */ = {
			isa = PBXTargetDependency;
			target = 61E78E452813CBED009112A1 /* Converter */;
			targetProxy = 61E78E682813CBF2009112A1 /* PBXContainerItemProxy */;
		};
/* End PBXTargetDependency section */

/* Begin PBXVariantGroup section */
		61E78E4F2813CBED009112A1 /* Main.storyboard */ = {
			isa = PBXVariantGroup;
			children = (
				61E78E502813CBED009112A1 /* Base */,
			);
			name = Main.storyboard;
			sourceTree = "<group>";
		};
		61E78E542813CBF1009112A1 /* LaunchScreen.storyboard */ = {
			isa = PBXVariantGroup;
			children = (
				61E78E552813CBF1009112A1 /* Base */,
			);
			name = LaunchScreen.storyboard;
			sourceTree = "<group>";
		};
/* End PBXVariantGroup section */

/* Begin XCBuildConfiguration section */
		61E78E6E2813CBF2009112A1 /* Debug */ = {
			isa = XCBuildConfiguration;
			baseConfigurationReference = 61E78EA72813DB96009112A1 /* Development.xcconfig */;
			buildSettings = {
				ALWAYS_SEARCH_USER_PATHS = NO;
				CLANG_ANALYZER_NONNULL = YES;
				CLANG_ANALYZER_NUMBER_OBJECT_CONVERSION = YES_AGGRESSIVE;
				CLANG_CXX_LANGUAGE_STANDARD = "gnu++14";
				CLANG_CXX_LIBRARY = "libc++";
				CLANG_ENABLE_MODULES = YES;
				CLANG_ENABLE_OBJC_ARC = YES;
				CLANG_ENABLE_OBJC_WEAK = YES;
				CLANG_WARN_BLOCK_CAPTURE_AUTORELEASING = YES;
				CLANG_WARN_BOOL_CONVERSION = YES;
				CLANG_WARN_COMMA = YES;
				CLANG_WARN_CONSTANT_CONVERSION = YES;
				CLANG_WARN_DEPRECATED_OBJC_IMPLEMENTATIONS = YES;
				CLANG_WARN_DIRECT_OBJC_ISA_USAGE = YES_ERROR;
				CLANG_WARN_DOCUMENTATION_COMMENTS = YES;
				CLANG_WARN_EMPTY_BODY = YES;
				CLANG_WARN_ENUM_CONVERSION = YES;
				CLANG_WARN_INFINITE_RECURSION = YES;
				CLANG_WARN_INT_CONVERSION = YES;
				CLANG_WARN_NON_LITERAL_NULL_CONVERSION = YES;
				CLANG_WARN_OBJC_IMPLICIT_RETAIN_SELF = YES;
				CLANG_WARN_OBJC_LITERAL_CONVERSION = YES;
				CLANG_WARN_OBJC_ROOT_CLASS = YES_ERROR;
				CLANG_WARN_QUOTED_INCLUDE_IN_FRAMEWORK_HEADER = YES;
				CLANG_WARN_RANGE_LOOP_ANALYSIS = YES;
				CLANG_WARN_STRICT_PROTOTYPES = YES;
				CLANG_WARN_SUSPICIOUS_MOVE = YES;
				CLANG_WARN_UNGUARDED_AVAILABILITY = YES_AGGRESSIVE;
				CLANG_WARN_UNREACHABLE_CODE = YES;
				CLANG_WARN__DUPLICATE_METHOD_MATCH = YES;
				COPY_PHASE_STRIP = NO;
				DEBUG_INFORMATION_FORMAT = dwarf;
				ENABLE_STRICT_OBJC_MSGSEND = YES;
				ENABLE_TESTABILITY = YES;
				GCC_C_LANGUAGE_STANDARD = gnu11;
				GCC_DYNAMIC_NO_PIC = NO;
				GCC_NO_COMMON_BLOCKS = YES;
				GCC_OPTIMIZATION_LEVEL = 0;
				GCC_PREPROCESSOR_DEFINITIONS = (
					"DEBUG=1",
					"$(inherited)",
				);
				GCC_WARN_64_TO_32_BIT_CONVERSION = YES;
				GCC_WARN_ABOUT_RETURN_TYPE = YES_ERROR;
				GCC_WARN_UNDECLARED_SELECTOR = YES;
				GCC_WARN_UNINITIALIZED_AUTOS = YES_AGGRESSIVE;
				GCC_WARN_UNUSED_FUNCTION = YES;
				GCC_WARN_UNUSED_VARIABLE = YES;
				IPHONEOS_DEPLOYMENT_TARGET = 14.4;
				MTL_ENABLE_DEBUG_INFO = INCLUDE_SOURCE;
				MTL_FAST_MATH = YES;
				ONLY_ACTIVE_ARCH = YES;
				OTHER_SWIFT_FLAGS = "-DDEVELOPMENT";
				SDKROOT = iphoneos;
				SWIFT_ACTIVE_COMPILATION_CONDITIONS = DEBUG;
				SWIFT_OPTIMIZATION_LEVEL = "-Onone";
			};
			name = Debug;
		};
		61E78E6F2813CBF2009112A1 /* Release */ = {
			isa = XCBuildConfiguration;
			baseConfigurationReference = 61E78EA82813DBAE009112A1 /* Production.xcconfig */;
			buildSettings = {
				ALWAYS_SEARCH_USER_PATHS = NO;
				CLANG_ANALYZER_NONNULL = YES;
				CLANG_ANALYZER_NUMBER_OBJECT_CONVERSION = YES_AGGRESSIVE;
				CLANG_CXX_LANGUAGE_STANDARD = "gnu++14";
				CLANG_CXX_LIBRARY = "libc++";
				CLANG_ENABLE_MODULES = YES;
				CLANG_ENABLE_OBJC_ARC = YES;
				CLANG_ENABLE_OBJC_WEAK = YES;
				CLANG_WARN_BLOCK_CAPTURE_AUTORELEASING = YES;
				CLANG_WARN_BOOL_CONVERSION = YES;
				CLANG_WARN_COMMA = YES;
				CLANG_WARN_CONSTANT_CONVERSION = YES;
				CLANG_WARN_DEPRECATED_OBJC_IMPLEMENTATIONS = YES;
				CLANG_WARN_DIRECT_OBJC_ISA_USAGE = YES_ERROR;
				CLANG_WARN_DOCUMENTATION_COMMENTS = YES;
				CLANG_WARN_EMPTY_BODY = YES;
				CLANG_WARN_ENUM_CONVERSION = YES;
				CLANG_WARN_INFINITE_RECURSION = YES;
				CLANG_WARN_INT_CONVERSION = YES;
				CLANG_WARN_NON_LITERAL_NULL_CONVERSION = YES;
				CLANG_WARN_OBJC_IMPLICIT_RETAIN_SELF = YES;
				CLANG_WARN_OBJC_LITERAL_CONVERSION = YES;
				CLANG_WARN_OBJC_ROOT_CLASS = YES_ERROR;
				CLANG_WARN_QUOTED_INCLUDE_IN_FRAMEWORK_HEADER = YES;
				CLANG_WARN_RANGE_LOOP_ANALYSIS = YES;
				CLANG_WARN_STRICT_PROTOTYPES = YES;
				CLANG_WARN_SUSPICIOUS_MOVE = YES;
				CLANG_WARN_UNGUARDED_AVAILABILITY = YES_AGGRESSIVE;
				CLANG_WARN_UNREACHABLE_CODE = YES;
				CLANG_WARN__DUPLICATE_METHOD_MATCH = YES;
				COPY_PHASE_STRIP = NO;
				DEBUG_INFORMATION_FORMAT = "dwarf-with-dsym";
				ENABLE_NS_ASSERTIONS = NO;
				ENABLE_STRICT_OBJC_MSGSEND = YES;
				GCC_C_LANGUAGE_STANDARD = gnu11;
				GCC_NO_COMMON_BLOCKS = YES;
				GCC_WARN_64_TO_32_BIT_CONVERSION = YES;
				GCC_WARN_ABOUT_RETURN_TYPE = YES_ERROR;
				GCC_WARN_UNDECLARED_SELECTOR = YES;
				GCC_WARN_UNINITIALIZED_AUTOS = YES_AGGRESSIVE;
				GCC_WARN_UNUSED_FUNCTION = YES;
				GCC_WARN_UNUSED_VARIABLE = YES;
				IPHONEOS_DEPLOYMENT_TARGET = 14.4;
				MTL_ENABLE_DEBUG_INFO = NO;
				MTL_FAST_MATH = YES;
				OTHER_SWIFT_FLAGS = "-DPRODUCTION";
				SDKROOT = iphoneos;
				SWIFT_COMPILATION_MODE = wholemodule;
				SWIFT_OPTIMIZATION_LEVEL = "-O";
				VALIDATE_PRODUCT = YES;
			};
			name = Release;
		};
		61E78E712813CBF2009112A1 /* Debug */ = {
			isa = XCBuildConfiguration;
			baseConfigurationReference = D132784C5A538B39741FC3ED /* Pods-Converter.debug.xcconfig */;
			buildSettings = {
				ASSETCATALOG_COMPILER_APPICON_NAME = AppIcon;
				ASSETCATALOG_COMPILER_GLOBAL_ACCENT_COLOR_NAME = AccentColor;
				CODE_SIGN_STYLE = Automatic;
				INFOPLIST_FILE = Converter/Info.plist;
				LD_RUNPATH_SEARCH_PATHS = (
					"$(inherited)",
					"@executable_path/Frameworks",
				);
				PRODUCT_BUNDLE_IDENTIFIER = com.nagarro.converter;
				PRODUCT_NAME = "$(TARGET_NAME)";
				SWIFT_VERSION = 5.0;
				TARGETED_DEVICE_FAMILY = "1,2";
			};
			name = Debug;
		};
		61E78E722813CBF2009112A1 /* Release */ = {
			isa = XCBuildConfiguration;
			baseConfigurationReference = 4D9579D0642553351325E7E3 /* Pods-Converter.release.xcconfig */;
			buildSettings = {
				ASSETCATALOG_COMPILER_APPICON_NAME = AppIcon;
				ASSETCATALOG_COMPILER_GLOBAL_ACCENT_COLOR_NAME = AccentColor;
				CODE_SIGN_STYLE = Automatic;
				INFOPLIST_FILE = Converter/Info.plist;
				LD_RUNPATH_SEARCH_PATHS = (
					"$(inherited)",
					"@executable_path/Frameworks",
				);
				PRODUCT_BUNDLE_IDENTIFIER = com.nagarro.converter;
				PRODUCT_NAME = "$(TARGET_NAME)";
				SWIFT_VERSION = 5.0;
				TARGETED_DEVICE_FAMILY = "1,2";
			};
			name = Release;
		};
		61E78E742813CBF2009112A1 /* Debug */ = {
			isa = XCBuildConfiguration;
			baseConfigurationReference = 14D882D1E090BDCE74A40353 /* Pods-ConverterTests.debug.xcconfig */;
			buildSettings = {
				BUNDLE_LOADER = "$(TEST_HOST)";
				CODE_SIGN_STYLE = Automatic;
				INFOPLIST_FILE = ConverterTests/Info.plist;
				IPHONEOS_DEPLOYMENT_TARGET = 14.4;
				LD_RUNPATH_SEARCH_PATHS = (
					"$(inherited)",
					"@executable_path/Frameworks",
					"@loader_path/Frameworks",
				);
				PRODUCT_BUNDLE_IDENTIFIER = com.nagarro.ConverterTests;
				PRODUCT_NAME = "$(TARGET_NAME)";
				SWIFT_VERSION = 5.0;
				TARGETED_DEVICE_FAMILY = "1,2";
				TEST_HOST = "$(BUILT_PRODUCTS_DIR)/Converter.app/Converter";
			};
			name = Debug;
		};
		61E78E752813CBF2009112A1 /* Release */ = {
			isa = XCBuildConfiguration;
			baseConfigurationReference = 1C2FDE9DE0748F6C8B310BE4 /* Pods-ConverterTests.release.xcconfig */;
			buildSettings = {
				BUNDLE_LOADER = "$(TEST_HOST)";
				CODE_SIGN_STYLE = Automatic;
				INFOPLIST_FILE = ConverterTests/Info.plist;
				IPHONEOS_DEPLOYMENT_TARGET = 14.4;
				LD_RUNPATH_SEARCH_PATHS = (
					"$(inherited)",
					"@executable_path/Frameworks",
					"@loader_path/Frameworks",
				);
				PRODUCT_BUNDLE_IDENTIFIER = com.nagarro.ConverterTests;
				PRODUCT_NAME = "$(TARGET_NAME)";
				SWIFT_VERSION = 5.0;
				TARGETED_DEVICE_FAMILY = "1,2";
				TEST_HOST = "$(BUILT_PRODUCTS_DIR)/Converter.app/Converter";
			};
			name = Release;
		};
		61E78E772813CBF2009112A1 /* Debug */ = {
			isa = XCBuildConfiguration;
			baseConfigurationReference = 134C72DDAF3FA8BEAA4F1F40 /* Pods-Converter-ConverterUITests.debug.xcconfig */;
			buildSettings = {
				CODE_SIGN_STYLE = Automatic;
				INFOPLIST_FILE = ConverterUITests/Info.plist;
				LD_RUNPATH_SEARCH_PATHS = (
					"$(inherited)",
					"@executable_path/Frameworks",
					"@loader_path/Frameworks",
				);
				PRODUCT_BUNDLE_IDENTIFIER = com.nagarro.ConverterUITests;
				PRODUCT_NAME = "$(TARGET_NAME)";
				SWIFT_VERSION = 5.0;
				TARGETED_DEVICE_FAMILY = "1,2";
				TEST_TARGET_NAME = Converter;
			};
			name = Debug;
		};
		61E78E782813CBF2009112A1 /* Release */ = {
			isa = XCBuildConfiguration;
			baseConfigurationReference = 738B03213B73D2EA7A4845E9 /* Pods-Converter-ConverterUITests.release.xcconfig */;
			buildSettings = {
				CODE_SIGN_STYLE = Automatic;
				INFOPLIST_FILE = ConverterUITests/Info.plist;
				LD_RUNPATH_SEARCH_PATHS = (
					"$(inherited)",
					"@executable_path/Frameworks",
					"@loader_path/Frameworks",
				);
				PRODUCT_BUNDLE_IDENTIFIER = com.nagarro.ConverterUITests;
				PRODUCT_NAME = "$(TARGET_NAME)";
				SWIFT_VERSION = 5.0;
				TARGETED_DEVICE_FAMILY = "1,2";
				TEST_TARGET_NAME = Converter;
			};
			name = Release;
		};
/* End XCBuildConfiguration section */

/* Begin XCConfigurationList section */
		61E78E412813CBED009112A1 /* Build configuration list for PBXProject "Converter" */ = {
			isa = XCConfigurationList;
			buildConfigurations = (
				61E78E6E2813CBF2009112A1 /* Debug */,
				61E78E6F2813CBF2009112A1 /* Release */,
			);
			defaultConfigurationIsVisible = 0;
			defaultConfigurationName = Release;
		};
		61E78E702813CBF2009112A1 /* Build configuration list for PBXNativeTarget "Converter" */ = {
			isa = XCConfigurationList;
			buildConfigurations = (
				61E78E712813CBF2009112A1 /* Debug */,
				61E78E722813CBF2009112A1 /* Release */,
			);
			defaultConfigurationIsVisible = 0;
			defaultConfigurationName = Release;
		};
		61E78E732813CBF2009112A1 /* Build configuration list for PBXNativeTarget "ConverterTests" */ = {
			isa = XCConfigurationList;
			buildConfigurations = (
				61E78E742813CBF2009112A1 /* Debug */,
				61E78E752813CBF2009112A1 /* Release */,
			);
			defaultConfigurationIsVisible = 0;
			defaultConfigurationName = Release;
		};
		61E78E762813CBF2009112A1 /* Build configuration list for PBXNativeTarget "ConverterUITests" */ = {
			isa = XCConfigurationList;
			buildConfigurations = (
				61E78E772813CBF2009112A1 /* Debug */,
				61E78E782813CBF2009112A1 /* Release */,
			);
			defaultConfigurationIsVisible = 0;
			defaultConfigurationName = Release;
		};
/* End XCConfigurationList section */
	};
	rootObject = 61E78E3E2813CBED009112A1 /* Project object */;
}
